{
  "name": "hypemedia-crypto",
  "version": "1.0.0",
  "lockfileVersion": 2,
  "requires": true,
  "packages": {
    "": {
      "name": "hypemedia-crypto",
      "version": "1.0.0",
      "license": "ISC",
      "dependencies": {
        "currency-symbol-map": "^5.1.0",
        "hono": "^2.0.6"
      },
      "devDependencies": {
        "@cloudflare/workers-types": "^3.14.1",
        "@types/node": "^18.6.4",
        "typescript": "^4.7.4"
      }
    },
    "node_modules/@cloudflare/workers-types": {
      "version": "3.14.1",
      "resolved": "https://registry.npmjs.org/@cloudflare/workers-types/-/workers-types-3.14.1.tgz",
      "integrity": "sha512-B1/plF62pt+H2IJHvApK8fdOJAVsvojvacuac8x8s+JIyqbropMyqNqHTKLm3YD8ZFLGwYeFTudU+PQ7vGvBdA==",
      "dev": true
    },
    "node_modules/@types/node": {
      "version": "18.6.4",
      "resolved": "https://registry.npmjs.org/@types/node/-/node-18.6.4.tgz",
      "integrity": "sha512-I4BD3L+6AWiUobfxZ49DlU43gtI+FTHSv9pE2Zekg6KjMpre4ByusaljW3vYSLJrvQ1ck1hUaeVu8HVlY3vzHg==",
      "dev": true
    },
    "node_modules/currency-symbol-map": {
      "version": "5.1.0",
      "resolved": "https://registry.npmjs.org/currency-symbol-map/-/currency-symbol-map-5.1.0.tgz",
      "integrity": "sha512-LO/lzYRw134LMDVnLyAf1dHE5tyO6axEFkR3TXjQIOmMkAM9YL6QsiUwuXzZAmFnuDJcs4hayOgyIYtViXFrLw=="
    },
    "node_modules/hono": {
      "version": "2.0.7",
      "resolved": "https://registry.npmjs.org/hono/-/hono-2.0.7.tgz",
      "integrity": "sha512-q66gnQWKSapVolojzX/rdpfz60AuGgxmlwEuT+UXd9SlLNZRgjPUFvDVClrct6fRF5kirt0bfEiRrw89ExZktQ==",
      "engines": {
        "node": ">=11.0.0"
      }
    },
    "node_modules/typescript": {
      "version": "4.7.4",
      "resolved": "https://registry.npmjs.org/typescript/-/typescript-4.7.4.tgz",
      "integrity": "sha512-C0WQT0gezHuw6AdY1M2jxUO83Rjf0HP7Sk1DtXj6j1EwkQNZrHAg2XPWlq62oqEhYvONq5pkC2Y9oPljWToLmQ==",
      "dev": true,
      "bin": {
        "tsc": "bin/tsc",
        "tsserver": "bin/tsserver"
      },
      "engines": {
        "node": ">=4.2.0"
      }
    }
  },
  "dependencies": {
    "@cloudflare/workers-types": {
      "version": "3.14.1",
      "resolved": "https://registry.npmjs.org/@cloudflare/workers-types/-/workers-types-3.14.1.tgz",
      "integrity": "sha512-B1/plF62pt+H2IJHvApK8fdOJAVsvojvacuac8x8s+JIyqbropMyqNqHTKLm3YD8ZFLGwYeFTudU+PQ7vGvBdA==",
      "dev": true
    },
    "@types/node": {
      "version": "18.6.4",
      "resolved": "https://registry.npmjs.org/@types/node/-/node-18.6.4.tgz",
      "integrity": "sha512-I4BD3L+6AWiUobfxZ49DlU43gtI+FTHSv9pE2Zekg6KjMpre4ByusaljW3vYSLJrvQ1ck1hUaeVu8HVlY3vzHg==",
      "dev": true
    },
    "currency-symbol-map": {
      "version": "5.1.0",
      "resolved": "https://registry.npmjs.org/currency-symbol-map/-/currency-symbol-map-5.1.0.tgz",
      "integrity": "sha512-LO/lzYRw134LMDVnLyAf1dHE5tyO6axEFkR3TXjQIOmMkAM9YL6QsiUwuXzZAmFnuDJcs4hayOgyIYtViXFrLw=="
    },
    "hono": {
      "version": "2.0.7",
      "resolved": "https://registry.npmjs.org/hono/-/hono-2.0.7.tgz",
      "integrity": "sha512-q66gnQWKSapVolojzX/rdpfz60AuGgxmlwEuT+UXd9SlLNZRgjPUFvDVClrct6fRF5kirt0bfEiRrw89ExZktQ=="
    },
    "typescript": {
      "version": "4.7.4",
      "resolved": "https://registry.npmjs.org/typescript/-/typescript-4.7.4.tgz",
      "integrity": "sha512-C0WQT0gezHuw6AdY1M2jxUO83Rjf0HP7Sk1DtXj6j1EwkQNZrHAg2XPWlq62oqEhYvONq5pkC2Y9oPljWToLmQ==",
      "dev": true
    }
  }
}
